
Microsoft Visual Studio Solution File, Format Version 12.00
# Visual Studio 15
Project("{FAE04EC0-301F-11D3-BF4B-00C04F79EFBC}") = "Assembly-CSharp", "Assembly-CSharp.csproj", "{C7F065BA-7AB7-3F57-2DD1-BD5B3DDFE364}"
EndProject
Project("{FAE04EC0-301F-11D3-BF4B-00C04F79EFBC}") = "Assembly-CSharp-firstpass", "Assembly-CSharp-firstpass.csproj", "{1020A384-B59E-15BA-C89F-8A31BCC48D92}"
EndProject
Project("{FAE04EC0-301F-11D3-BF4B-00C04F79EFBC}") = "Assembly-CSharp-Editor", "Assembly-CSharp-Editor.csproj", "{EF4FC110-7308-6F62-4C33-25B305164D98}"
EndProject
Global
	GlobalSection(SolutionConfigurationPlatforms) = preSolution
		Debug|Any CPU = Debug|Any CPU
		Release|Any CPU = Release|Any CPU
	EndGlobalSection
	GlobalSection(ProjectConfigurationPlatforms) = postSolution
		{C7F065BA-7AB7-3F57-2DD1-BD5B3DDFE364}.Debug|Any CPU.ActiveCfg = Debug|Any CPU
		{C7F065BA-7AB7-3F57-2DD1-BD5B3DDFE364}.Debug|Any CPU.Build.0 = Debug|Any CPU
		{C7F065BA-7AB7-3F57-2DD1-BD5B3DDFE364}.Release|Any CPU.ActiveCfg = Release|Any CPU
		{C7F065BA-7AB7-3F57-2DD1-BD5B3DDFE364}.Release|Any CPU.Build.0 = Release|Any CPU
		{1020A384-B59E-15BA-C89F-8A31BCC48D92}.Debug|Any CPU.ActiveCfg = Debug|Any CPU
		{1020A384-B59E-15BA-C89F-8A31BCC48D92}.Debug|Any CPU.Build.0 = Debug|Any CPU
		{1020A384-B59E-15BA-C89F-8A31BCC48D92}.Release|Any CPU.ActiveCfg = Release|Any CPU
		{1020A384-B59E-15BA-C89F-8A31BCC48D92}.Release|Any CPU.Build.0 = Release|Any CPU
		{EF4FC110-7308-6F62-4C33-25B305164D98}.Debug|Any CPU.ActiveCfg = Debug|Any CPU
		{EF4FC110-7308-6F62-4C33-25B305164D98}.Debug|Any CPU.Build.0 = Debug|Any CPU
		{EF4FC110-7308-6F62-4C33-25B305164D98}.Release|Any CPU.ActiveCfg = Release|Any CPU
		{EF4FC110-7308-6F62-4C33-25B305164D98}.Release|Any CPU.Build.0 = Release|Any CPU
	EndGlobalSection
	GlobalSection(SolutionProperties) = preSolution
		HideSolutionNode = FALSE
	EndGlobalSection
EndGlobal
